# This file is automatically @generated by Poetry 1.8.3 and should not be changed by hand.

[[package]]
name = "eclipse-sumo"
version = "1.20.0"
description = "A microscopic, multi-modal traffic simulation package"
optional = false
python-versions = "*"
files = [
    {file = "eclipse_sumo-1.20.0-py2.py3-none-macosx_12_0_x86_64.whl", hash = "sha256:f0291d5b6d275070cbc9fed0797e1ad5eda25214d7a6526b5e079c9b9198cffd"},
    {file = "eclipse_sumo-1.20.0-py2.py3-none-macosx_14_0_arm64.whl", hash = "sha256:9fa34c68a39168aafc1e5f8e35581560dc15369892a0f4fb0508aac8568b0b65"},
    {file = "eclipse_sumo-1.20.0-py2.py3-none-manylinux_2_17_aarch64.manylinux2014_aarch64.whl", hash = "sha256:b08824f4685ca18d1f03cbda4a0e74668566a629838f59478a569a036faabfc2"},
    {file = "eclipse_sumo-1.20.0-py2.py3-none-manylinux_2_17_x86_64.manylinux2014_x86_64.whl", hash = "sha256:3b773c757289b01fd51a835560e4c77afb74a26d1225250cad4a23302f9ef010"},
    {file = "eclipse_sumo-1.20.0-py2.py3-none-win_amd64.whl", hash = "sha256:d2b2be71e959cb04e76c64216f8f2df36ccc51cab02643bffcf59a462d1b295f"},
]

[metadata]
lock-version = "2.0"
python-versions = "3.11.5"
content-hash = "d879da9aeb8666df49e52268f60c1c637d762e049d1cdf2961130ea9ac8ff27b"
